
Microsoft Visual Studio Solution File, Format Version 12.00
# Visual Studio Version 16
VisualStudioVersion = 16.0.30517.126
MinimumVisualStudioVersion = 10.0.40219.1
Project("{FAE04EC0-301F-11D3-BF4B-00C04F79EFBC}") = "CAdvisor.Entities", "CAdvisor.Entities\CAdvisor.Entities.csproj", "{FFCE7B32-4F8C-4B70-832D-63F82A5557AA}"
EndProject
Global
	GlobalSection(SolutionConfigurationPlatforms) = preSolution
		Debug|Any CPU = Debug|Any CPU
		Release|Any CPU = Release|Any CPU
	EndGlobalSection
	GlobalSection(ProjectConfigurationPlatforms) = postSolution
		{FFCE7B32-4F8C-4B70-832D-63F82A5557AA}.Debug|Any CPU.ActiveCfg = Debug|Any CPU
		{FFCE7B32-4F8C-4B70-832D-63F82A5557AA}.Debug|Any CPU.Build.0 = Debug|Any CPU
		{FFCE7B32-4F8C-4B70-832D-63F82A5557AA}.Release|Any CPU.ActiveCfg = Release|Any CPU
		{FFCE7B32-4F8C-4B70-832D-63F82A5557AA}.Release|Any CPU.Build.0 = Release|Any CPU
	EndGlobalSection
	GlobalSection(SolutionProperties) = preSolution
		HideSolutionNode = FALSE
	EndGlobalSection
	GlobalSection(ExtensibilityGlobals) = postSolution
		SolutionGuid = {FC5CA465-D96A-445B-B2CD-CBBECA5DB53D}
	EndGlobalSection
EndGlobal
